# THIS IS AN AUTOGENERATED FILE. DO NOT EDIT THIS FILE DIRECTLY.
# yarn lockfile v1


cz-git@^1.9.1:
  version "1.9.3"
  resolved "https://registry.npmmirror.com/cz-git/-/cz-git-1.9.3.tgz#d5d0b174ca19c43f0ac70ab8e88a344d5453f7c5"
  integrity sha512-v7+vYOparImLLo6J5tAsi/cz+EAK7FI/TDnemi11xgEax4k+ZVqxsmkiEc68n+MJLp1l5THhB2KTDhjpW+ellg==
